
Microsoft Visual Studio Solution File, Format Version 12.00
# Visual Studio Version 17
VisualStudioVersion = 17.8.34511.84
MinimumVisualStudioVersion = 10.0.40219.1
Project("{9A19103F-16F7-4668-BE54-9A1E7A4F7556}") = "BookingWinForm", "BookingWinForm\BookingWinForm.csproj", "{10DC412F-2871-4943-96FE-08BC7D098F5D}"
EndProject
Global
	GlobalSection(SolutionConfigurationPlatforms) = preSolution
		Debug|Any CPU = Debug|Any CPU
		Release|Any CPU = Release|Any CPU
	EndGlobalSection
	GlobalSection(ProjectConfigurationPlatforms) = postSolution
		{10DC412F-2871-4943-96FE-08BC7D098F5D}.Debug|Any CPU.ActiveCfg = Debug|Any CPU
		{10DC412F-2871-4943-96FE-08BC7D098F5D}.Debug|Any CPU.Build.0 = Debug|Any CPU
		{10DC412F-2871-4943-96FE-08BC7D098F5D}.Release|Any CPU.ActiveCfg = Release|Any CPU
		{10DC412F-2871-4943-96FE-08BC7D098F5D}.Release|Any CPU.Build.0 = Release|Any CPU
	EndGlobalSection
	GlobalSection(SolutionProperties) = preSolution
		HideSolutionNode = FALSE
	EndGlobalSection
	GlobalSection(ExtensibilityGlobals) = postSolution
		SolutionGuid = {3B1051BE-DA34-4256-BCF5-26BE12633F93}
	EndGlobalSection
EndGlobal
